
Microsoft Visual Studio Solution File, Format Version 11.00
# Visual Studio 2010
Project("{FAE04EC0-301F-11D3-BF4B-00C04F79EFBC}") = "Assembly-CSharp", "Assembly-CSharp.csproj", "{3127E054-51F4-4579-FDF9-2D3EC078A959}"
EndProject
Project("{FAE04EC0-301F-11D3-BF4B-00C04F79EFBC}") = "Assembly-CSharp-firstpass", "Assembly-CSharp-firstpass.csproj", "{58934D3C-1F5D-8175-5963-336CEB2BC3AA}"
EndProject
Project("{FAE04EC0-301F-11D3-BF4B-00C04F79EFBC}") = "Assembly-CSharp-Editor-firstpass", "Assembly-CSharp-Editor-firstpass.csproj", "{3BEC26D6-9543-E9A8-9D41-5B3B5393E471}"
EndProject
Global
	GlobalSection(SolutionConfigurationPlatforms) = preSolution
		Debug|Any CPU = Debug|Any CPU
		Release|Any CPU = Release|Any CPU
	EndGlobalSection
	GlobalSection(ProjectConfigurationPlatforms) = postSolution
		{3127E054-51F4-4579-FDF9-2D3EC078A959}.Debug|Any CPU.ActiveCfg = Debug|Any CPU
		{3127E054-51F4-4579-FDF9-2D3EC078A959}.Debug|Any CPU.Build.0 = Debug|Any CPU
		{3127E054-51F4-4579-FDF9-2D3EC078A959}.Release|Any CPU.ActiveCfg = Release|Any CPU
		{3127E054-51F4-4579-FDF9-2D3EC078A959}.Release|Any CPU.Build.0 = Release|Any CPU
		{58934D3C-1F5D-8175-5963-336CEB2BC3AA}.Debug|Any CPU.ActiveCfg = Debug|Any CPU
		{58934D3C-1F5D-8175-5963-336CEB2BC3AA}.Debug|Any CPU.Build.0 = Debug|Any CPU
		{58934D3C-1F5D-8175-5963-336CEB2BC3AA}.Release|Any CPU.ActiveCfg = Release|Any CPU
		{58934D3C-1F5D-8175-5963-336CEB2BC3AA}.Release|Any CPU.Build.0 = Release|Any CPU
		{3BEC26D6-9543-E9A8-9D41-5B3B5393E471}.Debug|Any CPU.ActiveCfg = Debug|Any CPU
		{3BEC26D6-9543-E9A8-9D41-5B3B5393E471}.Debug|Any CPU.Build.0 = Debug|Any CPU
		{3BEC26D6-9543-E9A8-9D41-5B3B5393E471}.Release|Any CPU.ActiveCfg = Release|Any CPU
		{3BEC26D6-9543-E9A8-9D41-5B3B5393E471}.Release|Any CPU.Build.0 = Release|Any CPU
	EndGlobalSection
	GlobalSection(SolutionProperties) = preSolution
		HideSolutionNode = FALSE
	EndGlobalSection
EndGlobal
